
Microsoft Visual Studio Solution File, Format Version 12.00
# Visual Studio Version 17
VisualStudioVersion = 17.5.33424.131
MinimumVisualStudioVersion = 10.0.40219.1
Project("{FAE04EC0-301F-11D3-BF4B-00C04F79EFBC}") = "StudentManagement", "StudentManagement\StudentManagement.csproj", "{EAC16D6C-DB28-4AE5-923B-B8B4D2653493}"
EndProject
Global
	GlobalSection(SolutionConfigurationPlatforms) = preSolution
		Debug|Any CPU = Debug|Any CPU
		Release|Any CPU = Release|Any CPU
	EndGlobalSection
	GlobalSection(ProjectConfigurationPlatforms) = postSolution
		{EAC16D6C-DB28-4AE5-923B-B8B4D2653493}.Debug|Any CPU.ActiveCfg = Debug|Any CPU
		{EAC16D6C-DB28-4AE5-923B-B8B4D2653493}.Debug|Any CPU.Build.0 = Debug|Any CPU
		{EAC16D6C-DB28-4AE5-923B-B8B4D2653493}.Release|Any CPU.ActiveCfg = Release|Any CPU
		{EAC16D6C-DB28-4AE5-923B-B8B4D2653493}.Release|Any CPU.Build.0 = Release|Any CPU
	EndGlobalSection
	GlobalSection(SolutionProperties) = preSolution
		HideSolutionNode = FALSE
	EndGlobalSection
	GlobalSection(ExtensibilityGlobals) = postSolution
		SolutionGuid = {8329CF15-11E6-4617-8303-23942C8A0545}
	EndGlobalSection
EndGlobal
